# generated by rye
# use `rye lock` or `rye sync` to update this lockfile
#
# last locked with the following flags:
#   pre: false
#   features: []
#   all-features: false
#   with-sources: false

-e file:.
certifi==2024.2.2
    # via requests
cftime==1.6.3
    # via volcano-base
charset-normalizer==3.3.2
    # via requests
click==8.1.7
    # via dask
cloudpickle==3.0.0
    # via dask
contourpy==1.2.0
    # via matplotlib
cycler==0.12.1
    # via matplotlib
dask==2024.2.0
    # via volcano-base
datetime==5.4
    # via volcano-base
fonttools==4.49.0
    # via matplotlib
fsspec==2024.2.0
    # via dask
h5netcdf==1.3.0
    # via volcano-base
h5py==3.10.0
    # via h5netcdf
idna==3.6
    # via requests
importlib-metadata==7.0.1
    # via dask
kiwisolver==1.4.5
    # via matplotlib
locket==1.0.0
    # via partd
markdown-it-py==3.0.0
    # via rich
matplotlib==3.8.3
    # via volcano-base
mdurl==0.1.2
    # via markdown-it-py
numpy==1.26.4
    # via cftime
    # via contourpy
    # via h5py
    # via matplotlib
    # via pandas
    # via scipy
    # via volcano-base
    # via xarray
packaging==23.2
    # via dask
    # via h5netcdf
    # via matplotlib
    # via xarray
pandas==2.2.0
    # via xarray
partd==1.4.1
    # via dask
pillow==10.2.0
    # via matplotlib
pygments==2.17.2
    # via rich
pyparsing==3.1.1
    # via matplotlib
python-dateutil==2.8.2
    # via matplotlib
    # via pandas
pytz==2024.1
    # via datetime
    # via pandas
pyyaml==6.0.1
    # via dask
requests==2.31.0
    # via volcano-base
returns==0.22.0
    # via volcano-base
rich==13.7.0
    # via volcano-base
scipy==1.12.0
    # via volcano-base
setuptools==69.1.0
    # via zope-interface
six==1.16.0
    # via python-dateutil
toolz==0.12.1
    # via dask
    # via partd
typing-extensions==4.9.0
    # via returns
tzdata==2024.1
    # via pandas
urllib3==2.2.0
    # via requests
xarray==2024.1.1
    # via volcano-base
zipp==3.17.0
    # via importlib-metadata
zope-interface==6.2
    # via datetime
